
Microsoft Visual Studio Solution File, Format Version 12.00
# Visual Studio Version 16
VisualStudioVersion = 16.0.34031.81
MinimumVisualStudioVersion = 10.0.40219.1
Project("{FAE04EC0-301F-11D3-BF4B-00C04F79EFBC}") = "PrimeiroExercicio", "PrimeiroExercicio\PrimeiroExercicio.csproj", "{858FDD43-D68B-43CA-8A33-1C52B03C0A8A}"
EndProject
Global
	GlobalSection(SolutionConfigurationPlatforms) = preSolution
		Debug|Any CPU = Debug|Any CPU
		Release|Any CPU = Release|Any CPU
	EndGlobalSection
	GlobalSection(ProjectConfigurationPlatforms) = postSolution
		{858FDD43-D68B-43CA-8A33-1C52B03C0A8A}.Debug|Any CPU.ActiveCfg = Debug|Any CPU
		{858FDD43-D68B-43CA-8A33-1C52B03C0A8A}.Debug|Any CPU.Build.0 = Debug|Any CPU
		{858FDD43-D68B-43CA-8A33-1C52B03C0A8A}.Release|Any CPU.ActiveCfg = Release|Any CPU
		{858FDD43-D68B-43CA-8A33-1C52B03C0A8A}.Release|Any CPU.Build.0 = Release|Any CPU
	EndGlobalSection
	GlobalSection(SolutionProperties) = preSolution
		HideSolutionNode = FALSE
	EndGlobalSection
	GlobalSection(ExtensibilityGlobals) = postSolution
		SolutionGuid = {40966038-B2BE-4A67-9C86-7EE1A75ADA3C}
	EndGlobalSection
EndGlobal
